
Microsoft Visual Studio Solution File, Format Version 12.00
# Visual Studio Version 17
VisualStudioVersion = 17.7.33903.283
MinimumVisualStudioVersion = 10.0.40219.1
Project("{FAE04EC0-301F-11D3-BF4B-00C04F79EFBC}") = "WebAppMvc_Anc70_NoAuth_2", "WebAppMvc_Anc70_NoAuth_2\WebAppMvc_Anc70_NoAuth_2.csproj", "{64F23A9A-35DB-4D59-BB65-F8EE1EBEB7C2}"
EndProject
Global
	GlobalSection(SolutionConfigurationPlatforms) = preSolution
		Debug|Any CPU = Debug|Any CPU
		Release|Any CPU = Release|Any CPU
	EndGlobalSection
	GlobalSection(ProjectConfigurationPlatforms) = postSolution
		{64F23A9A-35DB-4D59-BB65-F8EE1EBEB7C2}.Debug|Any CPU.ActiveCfg = Debug|Any CPU
		{64F23A9A-35DB-4D59-BB65-F8EE1EBEB7C2}.Debug|Any CPU.Build.0 = Debug|Any CPU
		{64F23A9A-35DB-4D59-BB65-F8EE1EBEB7C2}.Release|Any CPU.ActiveCfg = Release|Any CPU
		{64F23A9A-35DB-4D59-BB65-F8EE1EBEB7C2}.Release|Any CPU.Build.0 = Release|Any CPU
	EndGlobalSection
	GlobalSection(SolutionProperties) = preSolution
		HideSolutionNode = FALSE
	EndGlobalSection
	GlobalSection(ExtensibilityGlobals) = postSolution
		SolutionGuid = {1D795640-AEF1-4E67-B2B9-3E671A85E111}
	EndGlobalSection
EndGlobal
